<?xml version="1.0" encoding="utf-8"?>
<Project ToolsVersion="4.0" xmlns="http://schemas.microsoft.com/developer/msbuild/2003">
  <ItemGroup>
  </ItemGroup>
  <ItemGroup>
  </ItemGroup>
  <ItemGroup>
  </ItemGroup>
  <ItemGroup>
  </ItemGroup>
  <ItemGroup>
    <CustomBuild Include="..\..\..\src\PluginAuto\CMakeLists.txt" />
    <CustomBuild Include="CMakeFiles\ALL_BUILD.rule">
      <Filter>CMake Rules</Filter>
    </CustomBuild>
  </ItemGroup>
  <ItemGroup>
    <Filter Include="CMake Rules">
      <UniqueIdentifier>{932F323A-02B9-48D3-BF30-37DB1B3AF327}</UniqueIdentifier>
    </Filter>
  </ItemGroup>
  <ItemGroup>
    <None Include="C:\Users\Mauke\Documents\muhkuh\ambientLib\npapi_activex_plugin\firebreath-1.5.2\projects\ambient\PluginAuto\CMakeFiles\ALL_BUILD" />
  </ItemGroup>
</Project>
