Microsoft Visual Studio Solution File, Format Version 11.00
# Visual Studio 2010
Project("{8BC9CEB8-8B4A-11D0-8D11-00A0C91BC942}") = "AmbientLib", "AmbientLib\AmbientLib.vcxproj", "{93FC159F-3478-42EF-AEDF-615727BAD4E0}"
EndProject
Project("{8BC9CEB8-8B4A-11D0-8D11-00A0C91BC942}") = "debug-device-driver", "debug-device-driver\debug-device-driver\debug-device-driver\debug-device-driver.vcxproj", "{6A6B1B7F-6AEF-4C81-8B00-BC921D1AB6BA}"
EndProject
Project("{8BC9CEB8-8B4A-11D0-8D11-00A0C91BC942}") = "ALL_BUILD", "npapi_activex_plugin\firebreath-1.5.2\build\ALL_BUILD.vcxproj", "{93B14583-CA84-4BE0-8539-158EEDF2A7CD}"
	ProjectSection(ProjectDependencies) = postProject
		{A5621154-A8A0-4D31-9A38-A7AD123E20AE} = {A5621154-A8A0-4D31-9A38-A7AD123E20AE}
		{9AD05C6A-A67A-4E7D-8BDA-8BDCF37D7227} = {9AD05C6A-A67A-4E7D-8BDA-8BDCF37D7227}
		{9115CB6F-C370-431F-8619-E77F77CDC58A} = {9115CB6F-C370-431F-8619-E77F77CDC58A}
		{4E51FDA8-3557-4915-AECE-7D29BA0D17FC} = {4E51FDA8-3557-4915-AECE-7D29BA0D17FC}
		{061FD051-BE98-46AA-8196-65ED08B18029} = {061FD051-BE98-46AA-8196-65ED08B18029}
		{BFED53B8-E0DE-4D04-B2FA-AACAB04F8F14} = {BFED53B8-E0DE-4D04-B2FA-AACAB04F8F14}
		{37CD0D1D-E09E-436D-943E-69A4432AA038} = {37CD0D1D-E09E-436D-943E-69A4432AA038}
		{C03606E3-3E41-4404-8458-0791731ADD57} = {C03606E3-3E41-4404-8458-0791731ADD57}
		{9E7B340D-AB88-4052-9F43-748141D13D1C} = {9E7B340D-AB88-4052-9F43-748141D13D1C}
		{CB2AE490-CC50-4CB8-8AD2-863956DFF3E1} = {CB2AE490-CC50-4CB8-8AD2-863956DFF3E1}
		{633878CB-5BB7-4D9C-9286-76FA49533C72} = {633878CB-5BB7-4D9C-9286-76FA49533C72}
		{46D69B45-9C3A-4485-8133-34CF70037BFC} = {46D69B45-9C3A-4485-8133-34CF70037BFC}
		{746DE20E-3FE3-4158-98A3-01F2292D7625} = {746DE20E-3FE3-4158-98A3-01F2292D7625}
		{14EA3EBD-2293-437F-BDF7-EA1F913138E8} = {14EA3EBD-2293-437F-BDF7-EA1F913138E8}
	EndProjectSection
EndProject
Project("{8BC9CEB8-8B4A-11D0-8D11-00A0C91BC942}") = "AMB_PluginAuto", "npapi_activex_plugin\firebreath-1.5.2\build\projects\ambient\PluginAuto\AMB_PluginAuto.vcxproj", "{CB2AE490-CC50-4CB8-8AD2-863956DFF3E1}"
	ProjectSection(ProjectDependencies) = postProject
		{46D69B45-9C3A-4485-8133-34CF70037BFC} = {46D69B45-9C3A-4485-8133-34CF70037BFC}
	EndProjectSection
EndProject
Project("{8BC9CEB8-8B4A-11D0-8D11-00A0C91BC942}") = "ActiveXCore", "npapi_activex_plugin\firebreath-1.5.2\build\ActiveXCore\ActiveXCore.vcxproj", "{14EA3EBD-2293-437F-BDF7-EA1F913138E8}"
	ProjectSection(ProjectDependencies) = postProject
		{4E51FDA8-3557-4915-AECE-7D29BA0D17FC} = {4E51FDA8-3557-4915-AECE-7D29BA0D17FC}
		{061FD051-BE98-46AA-8196-65ED08B18029} = {061FD051-BE98-46AA-8196-65ED08B18029}
		{BFED53B8-E0DE-4D04-B2FA-AACAB04F8F14} = {BFED53B8-E0DE-4D04-B2FA-AACAB04F8F14}
		{37CD0D1D-E09E-436D-943E-69A4432AA038} = {37CD0D1D-E09E-436D-943E-69A4432AA038}
		{46D69B45-9C3A-4485-8133-34CF70037BFC} = {46D69B45-9C3A-4485-8133-34CF70037BFC}
	EndProjectSection
EndProject
Project("{8BC9CEB8-8B4A-11D0-8D11-00A0C91BC942}") = "FireBreath_Cmake", "npapi_activex_plugin\firebreath-1.5.2\build\cmake_common\FireBreath_Cmake.vcxproj", "{9115CB6F-C370-431F-8619-E77F77CDC58A}"
	ProjectSection(ProjectDependencies) = postProject
		{46D69B45-9C3A-4485-8133-34CF70037BFC} = {46D69B45-9C3A-4485-8133-34CF70037BFC}
	EndProjectSection
EndProject
Project("{8BC9CEB8-8B4A-11D0-8D11-00A0C91BC942}") = "NPAPIHost", "npapi_activex_plugin\firebreath-1.5.2\build\NPAPIHost\NPAPIHost.vcxproj", "{746DE20E-3FE3-4158-98A3-01F2292D7625}"
	ProjectSection(ProjectDependencies) = postProject
		{46D69B45-9C3A-4485-8133-34CF70037BFC} = {46D69B45-9C3A-4485-8133-34CF70037BFC}
	EndProjectSection
EndProject
Project("{8BC9CEB8-8B4A-11D0-8D11-00A0C91BC942}") = "NpapiCore", "npapi_activex_plugin\firebreath-1.5.2\build\NpapiCore\NpapiCore.vcxproj", "{A5621154-A8A0-4D31-9A38-A7AD123E20AE}"
	ProjectSection(ProjectDependencies) = postProject
		{061FD051-BE98-46AA-8196-65ED08B18029} = {061FD051-BE98-46AA-8196-65ED08B18029}
		{BFED53B8-E0DE-4D04-B2FA-AACAB04F8F14} = {BFED53B8-E0DE-4D04-B2FA-AACAB04F8F14}
		{46D69B45-9C3A-4485-8133-34CF70037BFC} = {46D69B45-9C3A-4485-8133-34CF70037BFC}
	EndProjectSection
EndProject
Project("{8BC9CEB8-8B4A-11D0-8D11-00A0C91BC942}") = "PluginCore", "npapi_activex_plugin\firebreath-1.5.2\build\PluginCore\PluginCore.vcxproj", "{4E51FDA8-3557-4915-AECE-7D29BA0D17FC}"
	ProjectSection(ProjectDependencies) = postProject
		{46D69B45-9C3A-4485-8133-34CF70037BFC} = {46D69B45-9C3A-4485-8133-34CF70037BFC}
	EndProjectSection
EndProject
Project("{8BC9CEB8-8B4A-11D0-8D11-00A0C91BC942}") = "ScriptingCore", "npapi_activex_plugin\firebreath-1.5.2\build\ScriptingCore\ScriptingCore.vcxproj", "{37CD0D1D-E09E-436D-943E-69A4432AA038}"
	ProjectSection(ProjectDependencies) = postProject
		{061FD051-BE98-46AA-8196-65ED08B18029} = {061FD051-BE98-46AA-8196-65ED08B18029}
		{BFED53B8-E0DE-4D04-B2FA-AACAB04F8F14} = {BFED53B8-E0DE-4D04-B2FA-AACAB04F8F14}
		{46D69B45-9C3A-4485-8133-34CF70037BFC} = {46D69B45-9C3A-4485-8133-34CF70037BFC}
	EndProjectSection
EndProject
Project("{8BC9CEB8-8B4A-11D0-8D11-00A0C91BC942}") = "UnitTest++", "npapi_activex_plugin\firebreath-1.5.2\build\unittest-cpp\UnitTest++\UnitTest++.vcxproj", "{633878CB-5BB7-4D9C-9286-76FA49533C72}"
	ProjectSection(ProjectDependencies) = postProject
		{46D69B45-9C3A-4485-8133-34CF70037BFC} = {46D69B45-9C3A-4485-8133-34CF70037BFC}
	EndProjectSection
EndProject
Project("{8BC9CEB8-8B4A-11D0-8D11-00A0C91BC942}") = "UnitTest_ActiveXCore", "npapi_activex_plugin\firebreath-1.5.2\build\ActiveXCoreTest\UnitTest_ActiveXCore.vcxproj", "{C03606E3-3E41-4404-8458-0791731ADD57}"
	ProjectSection(ProjectDependencies) = postProject
		{A5621154-A8A0-4D31-9A38-A7AD123E20AE} = {A5621154-A8A0-4D31-9A38-A7AD123E20AE}
		{4E51FDA8-3557-4915-AECE-7D29BA0D17FC} = {4E51FDA8-3557-4915-AECE-7D29BA0D17FC}
		{37CD0D1D-E09E-436D-943E-69A4432AA038} = {37CD0D1D-E09E-436D-943E-69A4432AA038}
		{633878CB-5BB7-4D9C-9286-76FA49533C72} = {633878CB-5BB7-4D9C-9286-76FA49533C72}
		{46D69B45-9C3A-4485-8133-34CF70037BFC} = {46D69B45-9C3A-4485-8133-34CF70037BFC}
		{14EA3EBD-2293-437F-BDF7-EA1F913138E8} = {14EA3EBD-2293-437F-BDF7-EA1F913138E8}
	EndProjectSection
EndProject
Project("{8BC9CEB8-8B4A-11D0-8D11-00A0C91BC942}") = "UnitTest_ScriptingCore", "npapi_activex_plugin\firebreath-1.5.2\build\ScriptingCoreTest\UnitTest_ScriptingCore.vcxproj", "{9E7B340D-AB88-4052-9F43-748141D13D1C}"
	ProjectSection(ProjectDependencies) = postProject
		{4E51FDA8-3557-4915-AECE-7D29BA0D17FC} = {4E51FDA8-3557-4915-AECE-7D29BA0D17FC}
		{37CD0D1D-E09E-436D-943E-69A4432AA038} = {37CD0D1D-E09E-436D-943E-69A4432AA038}
		{633878CB-5BB7-4D9C-9286-76FA49533C72} = {633878CB-5BB7-4D9C-9286-76FA49533C72}
		{46D69B45-9C3A-4485-8133-34CF70037BFC} = {46D69B45-9C3A-4485-8133-34CF70037BFC}
	EndProjectSection
EndProject
Project("{8BC9CEB8-8B4A-11D0-8D11-00A0C91BC942}") = "ZERO_CHECK", "npapi_activex_plugin\firebreath-1.5.2\build\ZERO_CHECK.vcxproj", "{46D69B45-9C3A-4485-8133-34CF70037BFC}"
EndProject
Project("{8BC9CEB8-8B4A-11D0-8D11-00A0C91BC942}") = "ambient", "npapi_activex_plugin\firebreath-1.5.2\build\projects\ambient\ambient.vcxproj", "{9AD05C6A-A67A-4E7D-8BDA-8BDCF37D7227}"
	ProjectSection(ProjectDependencies) = postProject
		{A5621154-A8A0-4D31-9A38-A7AD123E20AE} = {A5621154-A8A0-4D31-9A38-A7AD123E20AE}
		{4E51FDA8-3557-4915-AECE-7D29BA0D17FC} = {4E51FDA8-3557-4915-AECE-7D29BA0D17FC}
		{061FD051-BE98-46AA-8196-65ED08B18029} = {061FD051-BE98-46AA-8196-65ED08B18029}
		{BFED53B8-E0DE-4D04-B2FA-AACAB04F8F14} = {BFED53B8-E0DE-4D04-B2FA-AACAB04F8F14}
		{37CD0D1D-E09E-436D-943E-69A4432AA038} = {37CD0D1D-E09E-436D-943E-69A4432AA038}
		{CB2AE490-CC50-4CB8-8AD2-863956DFF3E1} = {CB2AE490-CC50-4CB8-8AD2-863956DFF3E1}
		{46D69B45-9C3A-4485-8133-34CF70037BFC} = {46D69B45-9C3A-4485-8133-34CF70037BFC}
		{14EA3EBD-2293-437F-BDF7-EA1F913138E8} = {14EA3EBD-2293-437F-BDF7-EA1F913138E8}
	EndProjectSection
EndProject
Project("{8BC9CEB8-8B4A-11D0-8D11-00A0C91BC942}") = "boost_system", "npapi_activex_plugin\firebreath-1.5.2\build\boost\libs\system\boost_system.vcxproj", "{061FD051-BE98-46AA-8196-65ED08B18029}"
	ProjectSection(ProjectDependencies) = postProject
		{46D69B45-9C3A-4485-8133-34CF70037BFC} = {46D69B45-9C3A-4485-8133-34CF70037BFC}
	EndProjectSection
EndProject
Project("{8BC9CEB8-8B4A-11D0-8D11-00A0C91BC942}") = "boost_thread", "npapi_activex_plugin\firebreath-1.5.2\build\boost\libs\thread\boost_thread.vcxproj", "{BFED53B8-E0DE-4D04-B2FA-AACAB04F8F14}"
	ProjectSection(ProjectDependencies) = postProject
		{46D69B45-9C3A-4485-8133-34CF70037BFC} = {46D69B45-9C3A-4485-8133-34CF70037BFC}
	EndProjectSection
EndProject
Project("{2150E333-8FDC-42A3-9474-1A3956D46DE8}") = "CMakePredefinedTargets", "CMakePredefinedTargets", "{D96C3278-C52E-44FF-B565-70F9F73451CB}"
EndProject
Project("{2150E333-8FDC-42A3-9474-1A3956D46DE8}") = "FireBreath Core", "FireBreath Core", "{AA74FC14-B6A9-4556-B929-43F6EFF89A72}"
EndProject
Project("{2150E333-8FDC-42A3-9474-1A3956D46DE8}") = "FireBreath Generated", "FireBreath Generated", "{C03668F6-A698-48A7-B099-3010204BECAD}"
EndProject
Project("{2150E333-8FDC-42A3-9474-1A3956D46DE8}") = "Libraries", "Libraries", "{E055E1B4-5C84-4972-8F73-CD83242B9A72}"
EndProject
Project("{2150E333-8FDC-42A3-9474-1A3956D46DE8}") = "UnitTests", "UnitTests", "{8F83E186-B002-4BD1-8D49-4DFDA3E0FD1B}"
EndProject
Project("{54435603-DBB4-11D2-8724-00A0C9A8B90C}") = "ambientlib_installer", "ambientlib_installer\ambientlib_installer.vdproj", "{39F3275E-146A-488E-AC60-CB6638580B35}"
	ProjectSection(ProjectDependencies) = postProject
		{A5621154-A8A0-4D31-9A38-A7AD123E20AE} = {A5621154-A8A0-4D31-9A38-A7AD123E20AE}
		{9AD05C6A-A67A-4E7D-8BDA-8BDCF37D7227} = {9AD05C6A-A67A-4E7D-8BDA-8BDCF37D7227}
		{9115CB6F-C370-431F-8619-E77F77CDC58A} = {9115CB6F-C370-431F-8619-E77F77CDC58A}
		{4E51FDA8-3557-4915-AECE-7D29BA0D17FC} = {4E51FDA8-3557-4915-AECE-7D29BA0D17FC}
		{061FD051-BE98-46AA-8196-65ED08B18029} = {061FD051-BE98-46AA-8196-65ED08B18029}
		{BFED53B8-E0DE-4D04-B2FA-AACAB04F8F14} = {BFED53B8-E0DE-4D04-B2FA-AACAB04F8F14}
		{37CD0D1D-E09E-436D-943E-69A4432AA038} = {37CD0D1D-E09E-436D-943E-69A4432AA038}
		{C03606E3-3E41-4404-8458-0791731ADD57} = {C03606E3-3E41-4404-8458-0791731ADD57}
		{93B14583-CA84-4BE0-8539-158EEDF2A7CD} = {93B14583-CA84-4BE0-8539-158EEDF2A7CD}
		{9E7B340D-AB88-4052-9F43-748141D13D1C} = {9E7B340D-AB88-4052-9F43-748141D13D1C}
		{CB2AE490-CC50-4CB8-8AD2-863956DFF3E1} = {CB2AE490-CC50-4CB8-8AD2-863956DFF3E1}
		{633878CB-5BB7-4D9C-9286-76FA49533C72} = {633878CB-5BB7-4D9C-9286-76FA49533C72}
		{46D69B45-9C3A-4485-8133-34CF70037BFC} = {46D69B45-9C3A-4485-8133-34CF70037BFC}
		{746DE20E-3FE3-4158-98A3-01F2292D7625} = {746DE20E-3FE3-4158-98A3-01F2292D7625}
		{14EA3EBD-2293-437F-BDF7-EA1F913138E8} = {14EA3EBD-2293-437F-BDF7-EA1F913138E8}
	EndProjectSection
EndProject
Project("{8BC9CEB8-8B4A-11D0-8D11-00A0C91BC942}") = "postInstall", "postInstall\postInstall.vcxproj", "{25D641E9-0496-4E18-8F7F-6F6C7CDBA5A6}"
	ProjectSection(ProjectDependencies) = postProject
		{93FC159F-3478-42EF-AEDF-615727BAD4E0} = {93FC159F-3478-42EF-AEDF-615727BAD4E0}
	EndProjectSection
EndProject
Global
	GlobalSection(SolutionConfigurationPlatforms) = preSolution
		Debug|Win32 = Debug|Win32
		Debug|x64 = Debug|x64
		MinSizeRel|Win32 = MinSizeRel|Win32
		MinSizeRel|x64 = MinSizeRel|x64
		Release|Win32 = Release|Win32
		Release|x64 = Release|x64
		RelWithDebInfo|Win32 = RelWithDebInfo|Win32
		RelWithDebInfo|x64 = RelWithDebInfo|x64
	EndGlobalSection
	GlobalSection(ProjectConfigurationPlatforms) = postSolution
		{93FC159F-3478-42EF-AEDF-615727BAD4E0}.Debug|Win32.ActiveCfg = Debug|Win32
		{93FC159F-3478-42EF-AEDF-615727BAD4E0}.Debug|Win32.Build.0 = Debug|Win32
		{93FC159F-3478-42EF-AEDF-615727BAD4E0}.Debug|x64.ActiveCfg = Debug|x64
		{93FC159F-3478-42EF-AEDF-615727BAD4E0}.Debug|x64.Build.0 = Debug|x64
		{93FC159F-3478-42EF-AEDF-615727BAD4E0}.MinSizeRel|Win32.ActiveCfg = Release|x64
		{93FC159F-3478-42EF-AEDF-615727BAD4E0}.MinSizeRel|x64.ActiveCfg = Release|x64
		{93FC159F-3478-42EF-AEDF-615727BAD4E0}.MinSizeRel|x64.Build.0 = Release|x64
		{93FC159F-3478-42EF-AEDF-615727BAD4E0}.Release|Win32.ActiveCfg = Release|Win32
		{93FC159F-3478-42EF-AEDF-615727BAD4E0}.Release|Win32.Build.0 = Release|Win32
		{93FC159F-3478-42EF-AEDF-615727BAD4E0}.Release|x64.ActiveCfg = Release|x64
		{93FC159F-3478-42EF-AEDF-615727BAD4E0}.Release|x64.Build.0 = Release|x64
		{93FC159F-3478-42EF-AEDF-615727BAD4E0}.RelWithDebInfo|Win32.ActiveCfg = Release|x64
		{93FC159F-3478-42EF-AEDF-615727BAD4E0}.RelWithDebInfo|x64.ActiveCfg = Release|x64
		{93FC159F-3478-42EF-AEDF-615727BAD4E0}.RelWithDebInfo|x64.Build.0 = Release|x64
		{6A6B1B7F-6AEF-4C81-8B00-BC921D1AB6BA}.Debug|Win32.ActiveCfg = Debug|Win32
		{6A6B1B7F-6AEF-4C81-8B00-BC921D1AB6BA}.Debug|Win32.Build.0 = Debug|Win32
		{6A6B1B7F-6AEF-4C81-8B00-BC921D1AB6BA}.Debug|x64.ActiveCfg = Debug|Win32
		{6A6B1B7F-6AEF-4C81-8B00-BC921D1AB6BA}.MinSizeRel|Win32.ActiveCfg = Release|Win32
		{6A6B1B7F-6AEF-4C81-8B00-BC921D1AB6BA}.MinSizeRel|Win32.Build.0 = Release|Win32
		{6A6B1B7F-6AEF-4C81-8B00-BC921D1AB6BA}.MinSizeRel|x64.ActiveCfg = Release|Win32
		{6A6B1B7F-6AEF-4C81-8B00-BC921D1AB6BA}.Release|Win32.ActiveCfg = Release|Win32
		{6A6B1B7F-6AEF-4C81-8B00-BC921D1AB6BA}.Release|Win32.Build.0 = Release|Win32
		{6A6B1B7F-6AEF-4C81-8B00-BC921D1AB6BA}.Release|x64.ActiveCfg = Release|Win32
		{6A6B1B7F-6AEF-4C81-8B00-BC921D1AB6BA}.RelWithDebInfo|Win32.ActiveCfg = Release|Win32
		{6A6B1B7F-6AEF-4C81-8B00-BC921D1AB6BA}.RelWithDebInfo|Win32.Build.0 = Release|Win32
		{6A6B1B7F-6AEF-4C81-8B00-BC921D1AB6BA}.RelWithDebInfo|x64.ActiveCfg = Release|Win32
		{93B14583-CA84-4BE0-8539-158EEDF2A7CD}.Debug|Win32.ActiveCfg = Debug|Win32
		{93B14583-CA84-4BE0-8539-158EEDF2A7CD}.Debug|Win32.Build.0 = Debug|Win32
		{93B14583-CA84-4BE0-8539-158EEDF2A7CD}.Debug|x64.ActiveCfg = Debug|Win32
		{93B14583-CA84-4BE0-8539-158EEDF2A7CD}.MinSizeRel|Win32.ActiveCfg = MinSizeRel|Win32
		{93B14583-CA84-4BE0-8539-158EEDF2A7CD}.MinSizeRel|Win32.Build.0 = MinSizeRel|Win32
		{93B14583-CA84-4BE0-8539-158EEDF2A7CD}.MinSizeRel|x64.ActiveCfg = MinSizeRel|Win32
		{93B14583-CA84-4BE0-8539-158EEDF2A7CD}.Release|Win32.ActiveCfg = Release|Win32
		{93B14583-CA84-4BE0-8539-158EEDF2A7CD}.Release|Win32.Build.0 = Release|Win32
		{93B14583-CA84-4BE0-8539-158EEDF2A7CD}.Release|x64.ActiveCfg = Release|Win32
		{93B14583-CA84-4BE0-8539-158EEDF2A7CD}.RelWithDebInfo|Win32.ActiveCfg = RelWithDebInfo|Win32
		{93B14583-CA84-4BE0-8539-158EEDF2A7CD}.RelWithDebInfo|Win32.Build.0 = RelWithDebInfo|Win32
		{93B14583-CA84-4BE0-8539-158EEDF2A7CD}.RelWithDebInfo|x64.ActiveCfg = RelWithDebInfo|Win32
		{CB2AE490-CC50-4CB8-8AD2-863956DFF3E1}.Debug|Win32.ActiveCfg = Debug|Win32
		{CB2AE490-CC50-4CB8-8AD2-863956DFF3E1}.Debug|Win32.Build.0 = Debug|Win32
		{CB2AE490-CC50-4CB8-8AD2-863956DFF3E1}.Debug|x64.ActiveCfg = Debug|Win32
		{CB2AE490-CC50-4CB8-8AD2-863956DFF3E1}.MinSizeRel|Win32.ActiveCfg = MinSizeRel|Win32
		{CB2AE490-CC50-4CB8-8AD2-863956DFF3E1}.MinSizeRel|Win32.Build.0 = MinSizeRel|Win32
		{CB2AE490-CC50-4CB8-8AD2-863956DFF3E1}.MinSizeRel|x64.ActiveCfg = MinSizeRel|Win32
		{CB2AE490-CC50-4CB8-8AD2-863956DFF3E1}.Release|Win32.ActiveCfg = Release|Win32
		{CB2AE490-CC50-4CB8-8AD2-863956DFF3E1}.Release|Win32.Build.0 = Release|Win32
		{CB2AE490-CC50-4CB8-8AD2-863956DFF3E1}.Release|x64.ActiveCfg = Release|Win32
		{CB2AE490-CC50-4CB8-8AD2-863956DFF3E1}.RelWithDebInfo|Win32.ActiveCfg = RelWithDebInfo|Win32
		{CB2AE490-CC50-4CB8-8AD2-863956DFF3E1}.RelWithDebInfo|Win32.Build.0 = RelWithDebInfo|Win32
		{CB2AE490-CC50-4CB8-8AD2-863956DFF3E1}.RelWithDebInfo|x64.ActiveCfg = RelWithDebInfo|Win32
		{14EA3EBD-2293-437F-BDF7-EA1F913138E8}.Debug|Win32.ActiveCfg = Debug|Win32
		{14EA3EBD-2293-437F-BDF7-EA1F913138E8}.Debug|Win32.Build.0 = Debug|Win32
		{14EA3EBD-2293-437F-BDF7-EA1F913138E8}.Debug|x64.ActiveCfg = Debug|Win32
		{14EA3EBD-2293-437F-BDF7-EA1F913138E8}.MinSizeRel|Win32.ActiveCfg = MinSizeRel|Win32
		{14EA3EBD-2293-437F-BDF7-EA1F913138E8}.MinSizeRel|Win32.Build.0 = MinSizeRel|Win32
		{14EA3EBD-2293-437F-BDF7-EA1F913138E8}.MinSizeRel|x64.ActiveCfg = MinSizeRel|Win32
		{14EA3EBD-2293-437F-BDF7-EA1F913138E8}.Release|Win32.ActiveCfg = Release|Win32
		{14EA3EBD-2293-437F-BDF7-EA1F913138E8}.Release|Win32.Build.0 = Release|Win32
		{14EA3EBD-2293-437F-BDF7-EA1F913138E8}.Release|x64.ActiveCfg = Release|Win32
		{14EA3EBD-2293-437F-BDF7-EA1F913138E8}.RelWithDebInfo|Win32.ActiveCfg = RelWithDebInfo|Win32
		{14EA3EBD-2293-437F-BDF7-EA1F913138E8}.RelWithDebInfo|Win32.Build.0 = RelWithDebInfo|Win32
		{14EA3EBD-2293-437F-BDF7-EA1F913138E8}.RelWithDebInfo|x64.ActiveCfg = RelWithDebInfo|Win32
		{9115CB6F-C370-431F-8619-E77F77CDC58A}.Debug|Win32.ActiveCfg = Debug|Win32
		{9115CB6F-C370-431F-8619-E77F77CDC58A}.Debug|Win32.Build.0 = Debug|Win32
		{9115CB6F-C370-431F-8619-E77F77CDC58A}.Debug|x64.ActiveCfg = Debug|Win32
		{9115CB6F-C370-431F-8619-E77F77CDC58A}.MinSizeRel|Win32.ActiveCfg = MinSizeRel|Win32
		{9115CB6F-C370-431F-8619-E77F77CDC58A}.MinSizeRel|Win32.Build.0 = MinSizeRel|Win32
		{9115CB6F-C370-431F-8619-E77F77CDC58A}.MinSizeRel|x64.ActiveCfg = MinSizeRel|Win32
		{9115CB6F-C370-431F-8619-E77F77CDC58A}.Release|Win32.ActiveCfg = Release|Win32
		{9115CB6F-C370-431F-8619-E77F77CDC58A}.Release|Win32.Build.0 = Release|Win32
		{9115CB6F-C370-431F-8619-E77F77CDC58A}.Release|x64.ActiveCfg = Release|Win32
		{9115CB6F-C370-431F-8619-E77F77CDC58A}.RelWithDebInfo|Win32.ActiveCfg = RelWithDebInfo|Win32
		{9115CB6F-C370-431F-8619-E77F77CDC58A}.RelWithDebInfo|Win32.Build.0 = RelWithDebInfo|Win32
		{9115CB6F-C370-431F-8619-E77F77CDC58A}.RelWithDebInfo|x64.ActiveCfg = RelWithDebInfo|Win32
		{746DE20E-3FE3-4158-98A3-01F2292D7625}.Debug|Win32.ActiveCfg = Debug|Win32
		{746DE20E-3FE3-4158-98A3-01F2292D7625}.Debug|Win32.Build.0 = Debug|Win32
		{746DE20E-3FE3-4158-98A3-01F2292D7625}.Debug|x64.ActiveCfg = Debug|Win32
		{746DE20E-3FE3-4158-98A3-01F2292D7625}.MinSizeRel|Win32.ActiveCfg = MinSizeRel|Win32
		{746DE20E-3FE3-4158-98A3-01F2292D7625}.MinSizeRel|Win32.Build.0 = MinSizeRel|Win32
		{746DE20E-3FE3-4158-98A3-01F2292D7625}.MinSizeRel|x64.ActiveCfg = MinSizeRel|Win32
		{746DE20E-3FE3-4158-98A3-01F2292D7625}.Release|Win32.ActiveCfg = Release|Win32
		{746DE20E-3FE3-4158-98A3-01F2292D7625}.Release|Win32.Build.0 = Release|Win32
		{746DE20E-3FE3-4158-98A3-01F2292D7625}.Release|x64.ActiveCfg = Release|Win32
		{746DE20E-3FE3-4158-98A3-01F2292D7625}.RelWithDebInfo|Win32.ActiveCfg = RelWithDebInfo|Win32
		{746DE20E-3FE3-4158-98A3-01F2292D7625}.RelWithDebInfo|Win32.Build.0 = RelWithDebInfo|Win32
		{746DE20E-3FE3-4158-98A3-01F2292D7625}.RelWithDebInfo|x64.ActiveCfg = RelWithDebInfo|Win32
		{A5621154-A8A0-4D31-9A38-A7AD123E20AE}.Debug|Win32.ActiveCfg = Debug|Win32
		{A5621154-A8A0-4D31-9A38-A7AD123E20AE}.Debug|Win32.Build.0 = Debug|Win32
		{A5621154-A8A0-4D31-9A38-A7AD123E20AE}.Debug|x64.ActiveCfg = Debug|Win32
		{A5621154-A8A0-4D31-9A38-A7AD123E20AE}.MinSizeRel|Win32.ActiveCfg = MinSizeRel|Win32
		{A5621154-A8A0-4D31-9A38-A7AD123E20AE}.MinSizeRel|Win32.Build.0 = MinSizeRel|Win32
		{A5621154-A8A0-4D31-9A38-A7AD123E20AE}.MinSizeRel|x64.ActiveCfg = MinSizeRel|Win32
		{A5621154-A8A0-4D31-9A38-A7AD123E20AE}.Release|Win32.ActiveCfg = Release|Win32
		{A5621154-A8A0-4D31-9A38-A7AD123E20AE}.Release|Win32.Build.0 = Release|Win32
		{A5621154-A8A0-4D31-9A38-A7AD123E20AE}.Release|x64.ActiveCfg = Release|Win32
		{A5621154-A8A0-4D31-9A38-A7AD123E20AE}.RelWithDebInfo|Win32.ActiveCfg = RelWithDebInfo|Win32
		{A5621154-A8A0-4D31-9A38-A7AD123E20AE}.RelWithDebInfo|Win32.Build.0 = RelWithDebInfo|Win32
		{A5621154-A8A0-4D31-9A38-A7AD123E20AE}.RelWithDebInfo|x64.ActiveCfg = RelWithDebInfo|Win32
		{4E51FDA8-3557-4915-AECE-7D29BA0D17FC}.Debug|Win32.ActiveCfg = Debug|Win32
		{4E51FDA8-3557-4915-AECE-7D29BA0D17FC}.Debug|Win32.Build.0 = Debug|Win32
		{4E51FDA8-3557-4915-AECE-7D29BA0D17FC}.Debug|x64.ActiveCfg = Debug|Win32
		{4E51FDA8-3557-4915-AECE-7D29BA0D17FC}.MinSizeRel|Win32.ActiveCfg = MinSizeRel|Win32
		{4E51FDA8-3557-4915-AECE-7D29BA0D17FC}.MinSizeRel|Win32.Build.0 = MinSizeRel|Win32
		{4E51FDA8-3557-4915-AECE-7D29BA0D17FC}.MinSizeRel|x64.ActiveCfg = MinSizeRel|Win32
		{4E51FDA8-3557-4915-AECE-7D29BA0D17FC}.Release|Win32.ActiveCfg = Release|Win32
		{4E51FDA8-3557-4915-AECE-7D29BA0D17FC}.Release|Win32.Build.0 = Release|Win32
		{4E51FDA8-3557-4915-AECE-7D29BA0D17FC}.Release|x64.ActiveCfg = Release|Win32
		{4E51FDA8-3557-4915-AECE-7D29BA0D17FC}.RelWithDebInfo|Win32.ActiveCfg = RelWithDebInfo|Win32
		{4E51FDA8-3557-4915-AECE-7D29BA0D17FC}.RelWithDebInfo|Win32.Build.0 = RelWithDebInfo|Win32
		{4E51FDA8-3557-4915-AECE-7D29BA0D17FC}.RelWithDebInfo|x64.ActiveCfg = RelWithDebInfo|Win32
		{37CD0D1D-E09E-436D-943E-69A4432AA038}.Debug|Win32.ActiveCfg = Debug|Win32
		{37CD0D1D-E09E-436D-943E-69A4432AA038}.Debug|Win32.Build.0 = Debug|Win32
		{37CD0D1D-E09E-436D-943E-69A4432AA038}.Debug|x64.ActiveCfg = Debug|Win32
		{37CD0D1D-E09E-436D-943E-69A4432AA038}.MinSizeRel|Win32.ActiveCfg = MinSizeRel|Win32
		{37CD0D1D-E09E-436D-943E-69A4432AA038}.MinSizeRel|Win32.Build.0 = MinSizeRel|Win32
		{37CD0D1D-E09E-436D-943E-69A4432AA038}.MinSizeRel|x64.ActiveCfg = MinSizeRel|Win32
		{37CD0D1D-E09E-436D-943E-69A4432AA038}.Release|Win32.ActiveCfg = Release|Win32
		{37CD0D1D-E09E-436D-943E-69A4432AA038}.Release|Win32.Build.0 = Release|Win32
		{37CD0D1D-E09E-436D-943E-69A4432AA038}.Release|x64.ActiveCfg = Release|Win32
		{37CD0D1D-E09E-436D-943E-69A4432AA038}.RelWithDebInfo|Win32.ActiveCfg = RelWithDebInfo|Win32
		{37CD0D1D-E09E-436D-943E-69A4432AA038}.RelWithDebInfo|Win32.Build.0 = RelWithDebInfo|Win32
		{37CD0D1D-E09E-436D-943E-69A4432AA038}.RelWithDebInfo|x64.ActiveCfg = RelWithDebInfo|Win32
		{633878CB-5BB7-4D9C-9286-76FA49533C72}.Debug|Win32.ActiveCfg = Debug|Win32
		{633878CB-5BB7-4D9C-9286-76FA49533C72}.Debug|Win32.Build.0 = Debug|Win32
		{633878CB-5BB7-4D9C-9286-76FA49533C72}.Debug|x64.ActiveCfg = Debug|Win32
		{633878CB-5BB7-4D9C-9286-76FA49533C72}.MinSizeRel|Win32.ActiveCfg = MinSizeRel|Win32
		{633878CB-5BB7-4D9C-9286-76FA49533C72}.MinSizeRel|Win32.Build.0 = MinSizeRel|Win32
		{633878CB-5BB7-4D9C-9286-76FA49533C72}.MinSizeRel|x64.ActiveCfg = MinSizeRel|Win32
		{633878CB-5BB7-4D9C-9286-76FA49533C72}.Release|Win32.ActiveCfg = Release|Win32
		{633878CB-5BB7-4D9C-9286-76FA49533C72}.Release|Win32.Build.0 = Release|Win32
		{633878CB-5BB7-4D9C-9286-76FA49533C72}.Release|x64.ActiveCfg = Release|Win32
		{633878CB-5BB7-4D9C-9286-76FA49533C72}.RelWithDebInfo|Win32.ActiveCfg = RelWithDebInfo|Win32
		{633878CB-5BB7-4D9C-9286-76FA49533C72}.RelWithDebInfo|Win32.Build.0 = RelWithDebInfo|Win32
		{633878CB-5BB7-4D9C-9286-76FA49533C72}.RelWithDebInfo|x64.ActiveCfg = RelWithDebInfo|Win32
		{C03606E3-3E41-4404-8458-0791731ADD57}.Debug|Win32.ActiveCfg = Debug|Win32
		{C03606E3-3E41-4404-8458-0791731ADD57}.Debug|Win32.Build.0 = Debug|Win32
		{C03606E3-3E41-4404-8458-0791731ADD57}.Debug|x64.ActiveCfg = Debug|Win32
		{C03606E3-3E41-4404-8458-0791731ADD57}.MinSizeRel|Win32.ActiveCfg = MinSizeRel|Win32
		{C03606E3-3E41-4404-8458-0791731ADD57}.MinSizeRel|Win32.Build.0 = MinSizeRel|Win32
		{C03606E3-3E41-4404-8458-0791731ADD57}.MinSizeRel|x64.ActiveCfg = MinSizeRel|Win32
		{C03606E3-3E41-4404-8458-0791731ADD57}.Release|Win32.ActiveCfg = Release|Win32
		{C03606E3-3E41-4404-8458-0791731ADD57}.Release|Win32.Build.0 = Release|Win32
		{C03606E3-3E41-4404-8458-0791731ADD57}.Release|x64.ActiveCfg = Release|Win32
		{C03606E3-3E41-4404-8458-0791731ADD57}.RelWithDebInfo|Win32.ActiveCfg = RelWithDebInfo|Win32
		{C03606E3-3E41-4404-8458-0791731ADD57}.RelWithDebInfo|Win32.Build.0 = RelWithDebInfo|Win32
		{C03606E3-3E41-4404-8458-0791731ADD57}.RelWithDebInfo|x64.ActiveCfg = RelWithDebInfo|Win32
		{9E7B340D-AB88-4052-9F43-748141D13D1C}.Debug|Win32.ActiveCfg = Debug|Win32
		{9E7B340D-AB88-4052-9F43-748141D13D1C}.Debug|Win32.Build.0 = Debug|Win32
		{9E7B340D-AB88-4052-9F43-748141D13D1C}.Debug|x64.ActiveCfg = Debug|Win32
		{9E7B340D-AB88-4052-9F43-748141D13D1C}.MinSizeRel|Win32.ActiveCfg = MinSizeRel|Win32
		{9E7B340D-AB88-4052-9F43-748141D13D1C}.MinSizeRel|Win32.Build.0 = MinSizeRel|Win32
		{9E7B340D-AB88-4052-9F43-748141D13D1C}.MinSizeRel|x64.ActiveCfg = MinSizeRel|Win32
		{9E7B340D-AB88-4052-9F43-748141D13D1C}.Release|Win32.ActiveCfg = Release|Win32
		{9E7B340D-AB88-4052-9F43-748141D13D1C}.Release|Win32.Build.0 = Release|Win32
		{9E7B340D-AB88-4052-9F43-748141D13D1C}.Release|x64.ActiveCfg = Release|Win32
		{9E7B340D-AB88-4052-9F43-748141D13D1C}.RelWithDebInfo|Win32.ActiveCfg = RelWithDebInfo|Win32
		{9E7B340D-AB88-4052-9F43-748141D13D1C}.RelWithDebInfo|Win32.Build.0 = RelWithDebInfo|Win32
		{9E7B340D-AB88-4052-9F43-748141D13D1C}.RelWithDebInfo|x64.ActiveCfg = RelWithDebInfo|Win32
		{46D69B45-9C3A-4485-8133-34CF70037BFC}.Debug|Win32.ActiveCfg = Debug|Win32
		{46D69B45-9C3A-4485-8133-34CF70037BFC}.Debug|Win32.Build.0 = Debug|Win32
		{46D69B45-9C3A-4485-8133-34CF70037BFC}.Debug|x64.ActiveCfg = Debug|Win32
		{46D69B45-9C3A-4485-8133-34CF70037BFC}.MinSizeRel|Win32.ActiveCfg = MinSizeRel|Win32
		{46D69B45-9C3A-4485-8133-34CF70037BFC}.MinSizeRel|Win32.Build.0 = MinSizeRel|Win32
		{46D69B45-9C3A-4485-8133-34CF70037BFC}.MinSizeRel|x64.ActiveCfg = MinSizeRel|Win32
		{46D69B45-9C3A-4485-8133-34CF70037BFC}.Release|Win32.ActiveCfg = Release|Win32
		{46D69B45-9C3A-4485-8133-34CF70037BFC}.Release|Win32.Build.0 = Release|Win32
		{46D69B45-9C3A-4485-8133-34CF70037BFC}.Release|x64.ActiveCfg = Release|Win32
		{46D69B45-9C3A-4485-8133-34CF70037BFC}.RelWithDebInfo|Win32.ActiveCfg = RelWithDebInfo|Win32
		{46D69B45-9C3A-4485-8133-34CF70037BFC}.RelWithDebInfo|Win32.Build.0 = RelWithDebInfo|Win32
		{46D69B45-9C3A-4485-8133-34CF70037BFC}.RelWithDebInfo|x64.ActiveCfg = RelWithDebInfo|Win32
		{9AD05C6A-A67A-4E7D-8BDA-8BDCF37D7227}.Debug|Win32.ActiveCfg = Debug|Win32
		{9AD05C6A-A67A-4E7D-8BDA-8BDCF37D7227}.Debug|Win32.Build.0 = Debug|Win32
		{9AD05C6A-A67A-4E7D-8BDA-8BDCF37D7227}.Debug|x64.ActiveCfg = Debug|Win32
		{9AD05C6A-A67A-4E7D-8BDA-8BDCF37D7227}.MinSizeRel|Win32.ActiveCfg = MinSizeRel|Win32
		{9AD05C6A-A67A-4E7D-8BDA-8BDCF37D7227}.MinSizeRel|Win32.Build.0 = MinSizeRel|Win32
		{9AD05C6A-A67A-4E7D-8BDA-8BDCF37D7227}.MinSizeRel|x64.ActiveCfg = MinSizeRel|Win32
		{9AD05C6A-A67A-4E7D-8BDA-8BDCF37D7227}.Release|Win32.ActiveCfg = Release|Win32
		{9AD05C6A-A67A-4E7D-8BDA-8BDCF37D7227}.Release|Win32.Build.0 = Release|Win32
		{9AD05C6A-A67A-4E7D-8BDA-8BDCF37D7227}.Release|x64.ActiveCfg = Release|Win32
		{9AD05C6A-A67A-4E7D-8BDA-8BDCF37D7227}.RelWithDebInfo|Win32.ActiveCfg = RelWithDebInfo|Win32
		{9AD05C6A-A67A-4E7D-8BDA-8BDCF37D7227}.RelWithDebInfo|Win32.Build.0 = RelWithDebInfo|Win32
		{9AD05C6A-A67A-4E7D-8BDA-8BDCF37D7227}.RelWithDebInfo|x64.ActiveCfg = RelWithDebInfo|Win32
		{061FD051-BE98-46AA-8196-65ED08B18029}.Debug|Win32.ActiveCfg = Debug|Win32
		{061FD051-BE98-46AA-8196-65ED08B18029}.Debug|Win32.Build.0 = Debug|Win32
		{061FD051-BE98-46AA-8196-65ED08B18029}.Debug|x64.ActiveCfg = Debug|Win32
		{061FD051-BE98-46AA-8196-65ED08B18029}.MinSizeRel|Win32.ActiveCfg = MinSizeRel|Win32
		{061FD051-BE98-46AA-8196-65ED08B18029}.MinSizeRel|Win32.Build.0 = MinSizeRel|Win32
		{061FD051-BE98-46AA-8196-65ED08B18029}.MinSizeRel|x64.ActiveCfg = MinSizeRel|Win32
		{061FD051-BE98-46AA-8196-65ED08B18029}.Release|Win32.ActiveCfg = Release|Win32
		{061FD051-BE98-46AA-8196-65ED08B18029}.Release|Win32.Build.0 = Release|Win32
		{061FD051-BE98-46AA-8196-65ED08B18029}.Release|x64.ActiveCfg = Release|Win32
		{061FD051-BE98-46AA-8196-65ED08B18029}.RelWithDebInfo|Win32.ActiveCfg = RelWithDebInfo|Win32
		{061FD051-BE98-46AA-8196-65ED08B18029}.RelWithDebInfo|Win32.Build.0 = RelWithDebInfo|Win32
		{061FD051-BE98-46AA-8196-65ED08B18029}.RelWithDebInfo|x64.ActiveCfg = RelWithDebInfo|Win32
		{BFED53B8-E0DE-4D04-B2FA-AACAB04F8F14}.Debug|Win32.ActiveCfg = Debug|Win32
		{BFED53B8-E0DE-4D04-B2FA-AACAB04F8F14}.Debug|Win32.Build.0 = Debug|Win32
		{BFED53B8-E0DE-4D04-B2FA-AACAB04F8F14}.Debug|x64.ActiveCfg = Debug|Win32
		{BFED53B8-E0DE-4D04-B2FA-AACAB04F8F14}.MinSizeRel|Win32.ActiveCfg = MinSizeRel|Win32
		{BFED53B8-E0DE-4D04-B2FA-AACAB04F8F14}.MinSizeRel|Win32.Build.0 = MinSizeRel|Win32
		{BFED53B8-E0DE-4D04-B2FA-AACAB04F8F14}.MinSizeRel|x64.ActiveCfg = MinSizeRel|Win32
		{BFED53B8-E0DE-4D04-B2FA-AACAB04F8F14}.Release|Win32.ActiveCfg = Release|Win32
		{BFED53B8-E0DE-4D04-B2FA-AACAB04F8F14}.Release|Win32.Build.0 = Release|Win32
		{BFED53B8-E0DE-4D04-B2FA-AACAB04F8F14}.Release|x64.ActiveCfg = Release|Win32
		{BFED53B8-E0DE-4D04-B2FA-AACAB04F8F14}.RelWithDebInfo|Win32.ActiveCfg = RelWithDebInfo|Win32
		{BFED53B8-E0DE-4D04-B2FA-AACAB04F8F14}.RelWithDebInfo|Win32.Build.0 = RelWithDebInfo|Win32
		{BFED53B8-E0DE-4D04-B2FA-AACAB04F8F14}.RelWithDebInfo|x64.ActiveCfg = RelWithDebInfo|Win32
		{39F3275E-146A-488E-AC60-CB6638580B35}.Debug|Win32.ActiveCfg = Debug
		{39F3275E-146A-488E-AC60-CB6638580B35}.Debug|Win32.Build.0 = Debug
		{39F3275E-146A-488E-AC60-CB6638580B35}.Debug|x64.ActiveCfg = Debug
		{39F3275E-146A-488E-AC60-CB6638580B35}.MinSizeRel|Win32.ActiveCfg = Release
		{39F3275E-146A-488E-AC60-CB6638580B35}.MinSizeRel|x64.ActiveCfg = Release
		{39F3275E-146A-488E-AC60-CB6638580B35}.Release|Win32.ActiveCfg = Release
		{39F3275E-146A-488E-AC60-CB6638580B35}.Release|Win32.Build.0 = Release
		{39F3275E-146A-488E-AC60-CB6638580B35}.Release|x64.ActiveCfg = Release
		{39F3275E-146A-488E-AC60-CB6638580B35}.RelWithDebInfo|Win32.ActiveCfg = Release
		{39F3275E-146A-488E-AC60-CB6638580B35}.RelWithDebInfo|x64.ActiveCfg = Release
		{25D641E9-0496-4E18-8F7F-6F6C7CDBA5A6}.Debug|Win32.ActiveCfg = Debug|Win32
		{25D641E9-0496-4E18-8F7F-6F6C7CDBA5A6}.Debug|Win32.Build.0 = Debug|Win32
		{25D641E9-0496-4E18-8F7F-6F6C7CDBA5A6}.Debug|x64.ActiveCfg = Debug|Win32
		{25D641E9-0496-4E18-8F7F-6F6C7CDBA5A6}.MinSizeRel|Win32.ActiveCfg = Release|Win32
		{25D641E9-0496-4E18-8F7F-6F6C7CDBA5A6}.MinSizeRel|Win32.Build.0 = Release|Win32
		{25D641E9-0496-4E18-8F7F-6F6C7CDBA5A6}.MinSizeRel|x64.ActiveCfg = Release|Win32
		{25D641E9-0496-4E18-8F7F-6F6C7CDBA5A6}.Release|Win32.ActiveCfg = Release|Win32
		{25D641E9-0496-4E18-8F7F-6F6C7CDBA5A6}.Release|Win32.Build.0 = Release|Win32
		{25D641E9-0496-4E18-8F7F-6F6C7CDBA5A6}.Release|x64.ActiveCfg = Release|Win32
		{25D641E9-0496-4E18-8F7F-6F6C7CDBA5A6}.RelWithDebInfo|Win32.ActiveCfg = Release|Win32
		{25D641E9-0496-4E18-8F7F-6F6C7CDBA5A6}.RelWithDebInfo|Win32.Build.0 = Release|Win32
		{25D641E9-0496-4E18-8F7F-6F6C7CDBA5A6}.RelWithDebInfo|x64.ActiveCfg = Release|Win32
	EndGlobalSection
	GlobalSection(SolutionProperties) = preSolution
		HideSolutionNode = FALSE
	EndGlobalSection
	GlobalSection(NestedProjects) = preSolution
		{CB2AE490-CC50-4CB8-8AD2-863956DFF3E1} = {C03668F6-A698-48A7-B099-3010204BECAD}
		{9115CB6F-C370-431F-8619-E77F77CDC58A} = {AA74FC14-B6A9-4556-B929-43F6EFF89A72}
		{A5621154-A8A0-4D31-9A38-A7AD123E20AE} = {AA74FC14-B6A9-4556-B929-43F6EFF89A72}
		{4E51FDA8-3557-4915-AECE-7D29BA0D17FC} = {AA74FC14-B6A9-4556-B929-43F6EFF89A72}
		{37CD0D1D-E09E-436D-943E-69A4432AA038} = {AA74FC14-B6A9-4556-B929-43F6EFF89A72}
		{14EA3EBD-2293-437F-BDF7-EA1F913138E8} = {AA74FC14-B6A9-4556-B929-43F6EFF89A72}
		{633878CB-5BB7-4D9C-9286-76FA49533C72} = {8F83E186-B002-4BD1-8D49-4DFDA3E0FD1B}
		{C03606E3-3E41-4404-8458-0791731ADD57} = {8F83E186-B002-4BD1-8D49-4DFDA3E0FD1B}
		{9E7B340D-AB88-4052-9F43-748141D13D1C} = {8F83E186-B002-4BD1-8D49-4DFDA3E0FD1B}
		{746DE20E-3FE3-4158-98A3-01F2292D7625} = {8F83E186-B002-4BD1-8D49-4DFDA3E0FD1B}
		{46D69B45-9C3A-4485-8133-34CF70037BFC} = {D96C3278-C52E-44FF-B565-70F9F73451CB}
		{BFED53B8-E0DE-4D04-B2FA-AACAB04F8F14} = {E055E1B4-5C84-4972-8F73-CD83242B9A72}
		{061FD051-BE98-46AA-8196-65ED08B18029} = {E055E1B4-5C84-4972-8F73-CD83242B9A72}
	EndGlobalSection
EndGlobal
