Microsoft Visual Studio Solution File, Format Version 11.00
# Visual Studio 2010
Project("{8BC9CEB8-8B4A-11D0-8D11-00A0C91BC942}") = "ALL_BUILD", "ALL_BUILD.vcxproj", "{6F66946B-B040-47FD-BF38-8AE7BC8C72C1}"
	ProjectSection(ProjectDependencies) = postProject
		{D1866365-058C-476C-94CE-A78CADE26D66} = {D1866365-058C-476C-94CE-A78CADE26D66}
	EndProjectSection
EndProject
Project("{8BC9CEB8-8B4A-11D0-8D11-00A0C91BC942}") = "AMB_PluginAuto", "PluginAuto\AMB_PluginAuto.vcxproj", "{61493F59-1D0F-4DC9-9099-81ECFC065BC9}"
	ProjectSection(ProjectDependencies) = postProject
		{F8FFD0A1-2C60-447D-9C3C-B92DBAFD2BED} = {F8FFD0A1-2C60-447D-9C3C-B92DBAFD2BED}
	EndProjectSection
EndProject
Project("{8BC9CEB8-8B4A-11D0-8D11-00A0C91BC942}") = "ActiveXCore", "..\..\ActiveXCore\ActiveXCore.vcxproj", "{0C6C9178-8BBD-4151-A223-3423783F0D57}"
	ProjectSection(ProjectDependencies) = postProject
		{A9170057-59E0-4220-9A26-2753E632B841} = {A9170057-59E0-4220-9A26-2753E632B841}
		{B20C0FF4-AAD9-4491-9B4D-0C2B6D6CA350} = {B20C0FF4-AAD9-4491-9B4D-0C2B6D6CA350}
		{F8FFD0A1-2C60-447D-9C3C-B92DBAFD2BED} = {F8FFD0A1-2C60-447D-9C3C-B92DBAFD2BED}
		{097738F5-916D-41E4-BFCC-4555230A2040} = {097738F5-916D-41E4-BFCC-4555230A2040}
		{291A8082-B1C6-4C85-82F9-E67203566A6A} = {291A8082-B1C6-4C85-82F9-E67203566A6A}
	EndProjectSection
EndProject
Project("{8BC9CEB8-8B4A-11D0-8D11-00A0C91BC942}") = "NpapiCore", "..\..\NpapiCore\NpapiCore.vcxproj", "{98768A65-EC40-4D5D-99E6-4006DED4FACC}"
	ProjectSection(ProjectDependencies) = postProject
		{F8FFD0A1-2C60-447D-9C3C-B92DBAFD2BED} = {F8FFD0A1-2C60-447D-9C3C-B92DBAFD2BED}
		{097738F5-916D-41E4-BFCC-4555230A2040} = {097738F5-916D-41E4-BFCC-4555230A2040}
		{291A8082-B1C6-4C85-82F9-E67203566A6A} = {291A8082-B1C6-4C85-82F9-E67203566A6A}
	EndProjectSection
EndProject
Project("{8BC9CEB8-8B4A-11D0-8D11-00A0C91BC942}") = "PluginCore", "..\..\PluginCore\PluginCore.vcxproj", "{A9170057-59E0-4220-9A26-2753E632B841}"
	ProjectSection(ProjectDependencies) = postProject
		{F8FFD0A1-2C60-447D-9C3C-B92DBAFD2BED} = {F8FFD0A1-2C60-447D-9C3C-B92DBAFD2BED}
	EndProjectSection
EndProject
Project("{8BC9CEB8-8B4A-11D0-8D11-00A0C91BC942}") = "ScriptingCore", "..\..\ScriptingCore\ScriptingCore.vcxproj", "{B20C0FF4-AAD9-4491-9B4D-0C2B6D6CA350}"
	ProjectSection(ProjectDependencies) = postProject
		{F8FFD0A1-2C60-447D-9C3C-B92DBAFD2BED} = {F8FFD0A1-2C60-447D-9C3C-B92DBAFD2BED}
		{097738F5-916D-41E4-BFCC-4555230A2040} = {097738F5-916D-41E4-BFCC-4555230A2040}
		{291A8082-B1C6-4C85-82F9-E67203566A6A} = {291A8082-B1C6-4C85-82F9-E67203566A6A}
	EndProjectSection
EndProject
Project("{8BC9CEB8-8B4A-11D0-8D11-00A0C91BC942}") = "ZERO_CHECK", "..\..\ZERO_CHECK.vcxproj", "{F8FFD0A1-2C60-447D-9C3C-B92DBAFD2BED}"
	ProjectSection(ProjectDependencies) = postProject
	EndProjectSection
EndProject
Project("{8BC9CEB8-8B4A-11D0-8D11-00A0C91BC942}") = "ambient", "ambient.vcxproj", "{D1866365-058C-476C-94CE-A78CADE26D66}"
	ProjectSection(ProjectDependencies) = postProject
		{61493F59-1D0F-4DC9-9099-81ECFC065BC9} = {61493F59-1D0F-4DC9-9099-81ECFC065BC9}
		{0C6C9178-8BBD-4151-A223-3423783F0D57} = {0C6C9178-8BBD-4151-A223-3423783F0D57}
		{98768A65-EC40-4D5D-99E6-4006DED4FACC} = {98768A65-EC40-4D5D-99E6-4006DED4FACC}
		{A9170057-59E0-4220-9A26-2753E632B841} = {A9170057-59E0-4220-9A26-2753E632B841}
		{B20C0FF4-AAD9-4491-9B4D-0C2B6D6CA350} = {B20C0FF4-AAD9-4491-9B4D-0C2B6D6CA350}
		{F8FFD0A1-2C60-447D-9C3C-B92DBAFD2BED} = {F8FFD0A1-2C60-447D-9C3C-B92DBAFD2BED}
		{097738F5-916D-41E4-BFCC-4555230A2040} = {097738F5-916D-41E4-BFCC-4555230A2040}
		{291A8082-B1C6-4C85-82F9-E67203566A6A} = {291A8082-B1C6-4C85-82F9-E67203566A6A}
	EndProjectSection
EndProject
Project("{8BC9CEB8-8B4A-11D0-8D11-00A0C91BC942}") = "boost_system", "..\..\boost\libs\system\boost_system.vcxproj", "{097738F5-916D-41E4-BFCC-4555230A2040}"
	ProjectSection(ProjectDependencies) = postProject
		{F8FFD0A1-2C60-447D-9C3C-B92DBAFD2BED} = {F8FFD0A1-2C60-447D-9C3C-B92DBAFD2BED}
	EndProjectSection
EndProject
Project("{8BC9CEB8-8B4A-11D0-8D11-00A0C91BC942}") = "boost_thread", "..\..\boost\libs\thread\boost_thread.vcxproj", "{291A8082-B1C6-4C85-82F9-E67203566A6A}"
	ProjectSection(ProjectDependencies) = postProject
		{F8FFD0A1-2C60-447D-9C3C-B92DBAFD2BED} = {F8FFD0A1-2C60-447D-9C3C-B92DBAFD2BED}
	EndProjectSection
EndProject
Project("{2150E333-8FDC-42A3-9474-1A3956D46DE8}") = "CMakePredefinedTargets", "CMakePredefinedTargets", "{AED9281E-2BFB-4BDC-821B-FB08BA9D8163}"
EndProject
Project("{2150E333-8FDC-42A3-9474-1A3956D46DE8}") = "FireBreath Core", "FireBreath Core", "{9E5E8F7A-7795-4E89-8850-8F80DF1B13EE}"
EndProject
Project("{2150E333-8FDC-42A3-9474-1A3956D46DE8}") = "FireBreath Generated", "FireBreath Generated", "{2A722D0A-397F-4E32-A66A-24FBEC8AC2DD}"
EndProject
Project("{2150E333-8FDC-42A3-9474-1A3956D46DE8}") = "Libraries", "Libraries", "{698A6A89-7DC5-4B4D-810B-32C56168D50D}"
EndProject
Project("{2150E333-8FDC-42A3-9474-1A3956D46DE8}") = "UnitTests", "UnitTests", "{CDC6D5C3-D121-4302-B85A-DA8E6B416CA2}"
EndProject
Global
	GlobalSection(SolutionConfigurationPlatforms) = preSolution
		Debug|Win32 = Debug|Win32
		Release|Win32 = Release|Win32
		MinSizeRel|Win32 = MinSizeRel|Win32
		RelWithDebInfo|Win32 = RelWithDebInfo|Win32
	EndGlobalSection
	GlobalSection(ProjectConfigurationPlatforms) = postSolution
		{6F66946B-B040-47FD-BF38-8AE7BC8C72C1}.Debug|Win32.ActiveCfg = Debug|Win32
		{6F66946B-B040-47FD-BF38-8AE7BC8C72C1}.Release|Win32.ActiveCfg = Release|Win32
		{6F66946B-B040-47FD-BF38-8AE7BC8C72C1}.MinSizeRel|Win32.ActiveCfg = MinSizeRel|Win32
		{6F66946B-B040-47FD-BF38-8AE7BC8C72C1}.RelWithDebInfo|Win32.ActiveCfg = RelWithDebInfo|Win32
		{61493F59-1D0F-4DC9-9099-81ECFC065BC9}.Debug|Win32.ActiveCfg = Debug|Win32
		{61493F59-1D0F-4DC9-9099-81ECFC065BC9}.Debug|Win32.Build.0 = Debug|Win32
		{61493F59-1D0F-4DC9-9099-81ECFC065BC9}.Release|Win32.ActiveCfg = Release|Win32
		{61493F59-1D0F-4DC9-9099-81ECFC065BC9}.Release|Win32.Build.0 = Release|Win32
		{61493F59-1D0F-4DC9-9099-81ECFC065BC9}.MinSizeRel|Win32.ActiveCfg = MinSizeRel|Win32
		{61493F59-1D0F-4DC9-9099-81ECFC065BC9}.MinSizeRel|Win32.Build.0 = MinSizeRel|Win32
		{61493F59-1D0F-4DC9-9099-81ECFC065BC9}.RelWithDebInfo|Win32.ActiveCfg = RelWithDebInfo|Win32
		{61493F59-1D0F-4DC9-9099-81ECFC065BC9}.RelWithDebInfo|Win32.Build.0 = RelWithDebInfo|Win32
		{0C6C9178-8BBD-4151-A223-3423783F0D57}.Debug|Win32.ActiveCfg = Debug|Win32
		{0C6C9178-8BBD-4151-A223-3423783F0D57}.Debug|Win32.Build.0 = Debug|Win32
		{0C6C9178-8BBD-4151-A223-3423783F0D57}.Release|Win32.ActiveCfg = Release|Win32
		{0C6C9178-8BBD-4151-A223-3423783F0D57}.Release|Win32.Build.0 = Release|Win32
		{0C6C9178-8BBD-4151-A223-3423783F0D57}.MinSizeRel|Win32.ActiveCfg = MinSizeRel|Win32
		{0C6C9178-8BBD-4151-A223-3423783F0D57}.MinSizeRel|Win32.Build.0 = MinSizeRel|Win32
		{0C6C9178-8BBD-4151-A223-3423783F0D57}.RelWithDebInfo|Win32.ActiveCfg = RelWithDebInfo|Win32
		{0C6C9178-8BBD-4151-A223-3423783F0D57}.RelWithDebInfo|Win32.Build.0 = RelWithDebInfo|Win32
		{98768A65-EC40-4D5D-99E6-4006DED4FACC}.Debug|Win32.ActiveCfg = Debug|Win32
		{98768A65-EC40-4D5D-99E6-4006DED4FACC}.Debug|Win32.Build.0 = Debug|Win32
		{98768A65-EC40-4D5D-99E6-4006DED4FACC}.Release|Win32.ActiveCfg = Release|Win32
		{98768A65-EC40-4D5D-99E6-4006DED4FACC}.Release|Win32.Build.0 = Release|Win32
		{98768A65-EC40-4D5D-99E6-4006DED4FACC}.MinSizeRel|Win32.ActiveCfg = MinSizeRel|Win32
		{98768A65-EC40-4D5D-99E6-4006DED4FACC}.MinSizeRel|Win32.Build.0 = MinSizeRel|Win32
		{98768A65-EC40-4D5D-99E6-4006DED4FACC}.RelWithDebInfo|Win32.ActiveCfg = RelWithDebInfo|Win32
		{98768A65-EC40-4D5D-99E6-4006DED4FACC}.RelWithDebInfo|Win32.Build.0 = RelWithDebInfo|Win32
		{A9170057-59E0-4220-9A26-2753E632B841}.Debug|Win32.ActiveCfg = Debug|Win32
		{A9170057-59E0-4220-9A26-2753E632B841}.Debug|Win32.Build.0 = Debug|Win32
		{A9170057-59E0-4220-9A26-2753E632B841}.Release|Win32.ActiveCfg = Release|Win32
		{A9170057-59E0-4220-9A26-2753E632B841}.Release|Win32.Build.0 = Release|Win32
		{A9170057-59E0-4220-9A26-2753E632B841}.MinSizeRel|Win32.ActiveCfg = MinSizeRel|Win32
		{A9170057-59E0-4220-9A26-2753E632B841}.MinSizeRel|Win32.Build.0 = MinSizeRel|Win32
		{A9170057-59E0-4220-9A26-2753E632B841}.RelWithDebInfo|Win32.ActiveCfg = RelWithDebInfo|Win32
		{A9170057-59E0-4220-9A26-2753E632B841}.RelWithDebInfo|Win32.Build.0 = RelWithDebInfo|Win32
		{B20C0FF4-AAD9-4491-9B4D-0C2B6D6CA350}.Debug|Win32.ActiveCfg = Debug|Win32
		{B20C0FF4-AAD9-4491-9B4D-0C2B6D6CA350}.Debug|Win32.Build.0 = Debug|Win32
		{B20C0FF4-AAD9-4491-9B4D-0C2B6D6CA350}.Release|Win32.ActiveCfg = Release|Win32
		{B20C0FF4-AAD9-4491-9B4D-0C2B6D6CA350}.Release|Win32.Build.0 = Release|Win32
		{B20C0FF4-AAD9-4491-9B4D-0C2B6D6CA350}.MinSizeRel|Win32.ActiveCfg = MinSizeRel|Win32
		{B20C0FF4-AAD9-4491-9B4D-0C2B6D6CA350}.MinSizeRel|Win32.Build.0 = MinSizeRel|Win32
		{B20C0FF4-AAD9-4491-9B4D-0C2B6D6CA350}.RelWithDebInfo|Win32.ActiveCfg = RelWithDebInfo|Win32
		{B20C0FF4-AAD9-4491-9B4D-0C2B6D6CA350}.RelWithDebInfo|Win32.Build.0 = RelWithDebInfo|Win32
		{F8FFD0A1-2C60-447D-9C3C-B92DBAFD2BED}.Debug|Win32.ActiveCfg = Debug|Win32
		{F8FFD0A1-2C60-447D-9C3C-B92DBAFD2BED}.Debug|Win32.Build.0 = Debug|Win32
		{F8FFD0A1-2C60-447D-9C3C-B92DBAFD2BED}.Release|Win32.ActiveCfg = Release|Win32
		{F8FFD0A1-2C60-447D-9C3C-B92DBAFD2BED}.Release|Win32.Build.0 = Release|Win32
		{F8FFD0A1-2C60-447D-9C3C-B92DBAFD2BED}.MinSizeRel|Win32.ActiveCfg = MinSizeRel|Win32
		{F8FFD0A1-2C60-447D-9C3C-B92DBAFD2BED}.MinSizeRel|Win32.Build.0 = MinSizeRel|Win32
		{F8FFD0A1-2C60-447D-9C3C-B92DBAFD2BED}.RelWithDebInfo|Win32.ActiveCfg = RelWithDebInfo|Win32
		{F8FFD0A1-2C60-447D-9C3C-B92DBAFD2BED}.RelWithDebInfo|Win32.Build.0 = RelWithDebInfo|Win32
		{D1866365-058C-476C-94CE-A78CADE26D66}.Debug|Win32.ActiveCfg = Debug|Win32
		{D1866365-058C-476C-94CE-A78CADE26D66}.Debug|Win32.Build.0 = Debug|Win32
		{D1866365-058C-476C-94CE-A78CADE26D66}.Release|Win32.ActiveCfg = Release|Win32
		{D1866365-058C-476C-94CE-A78CADE26D66}.Release|Win32.Build.0 = Release|Win32
		{D1866365-058C-476C-94CE-A78CADE26D66}.MinSizeRel|Win32.ActiveCfg = MinSizeRel|Win32
		{D1866365-058C-476C-94CE-A78CADE26D66}.MinSizeRel|Win32.Build.0 = MinSizeRel|Win32
		{D1866365-058C-476C-94CE-A78CADE26D66}.RelWithDebInfo|Win32.ActiveCfg = RelWithDebInfo|Win32
		{D1866365-058C-476C-94CE-A78CADE26D66}.RelWithDebInfo|Win32.Build.0 = RelWithDebInfo|Win32
		{097738F5-916D-41E4-BFCC-4555230A2040}.Debug|Win32.ActiveCfg = Debug|Win32
		{097738F5-916D-41E4-BFCC-4555230A2040}.Debug|Win32.Build.0 = Debug|Win32
		{097738F5-916D-41E4-BFCC-4555230A2040}.Release|Win32.ActiveCfg = Release|Win32
		{097738F5-916D-41E4-BFCC-4555230A2040}.Release|Win32.Build.0 = Release|Win32
		{097738F5-916D-41E4-BFCC-4555230A2040}.MinSizeRel|Win32.ActiveCfg = MinSizeRel|Win32
		{097738F5-916D-41E4-BFCC-4555230A2040}.MinSizeRel|Win32.Build.0 = MinSizeRel|Win32
		{097738F5-916D-41E4-BFCC-4555230A2040}.RelWithDebInfo|Win32.ActiveCfg = RelWithDebInfo|Win32
		{097738F5-916D-41E4-BFCC-4555230A2040}.RelWithDebInfo|Win32.Build.0 = RelWithDebInfo|Win32
		{291A8082-B1C6-4C85-82F9-E67203566A6A}.Debug|Win32.ActiveCfg = Debug|Win32
		{291A8082-B1C6-4C85-82F9-E67203566A6A}.Debug|Win32.Build.0 = Debug|Win32
		{291A8082-B1C6-4C85-82F9-E67203566A6A}.Release|Win32.ActiveCfg = Release|Win32
		{291A8082-B1C6-4C85-82F9-E67203566A6A}.Release|Win32.Build.0 = Release|Win32
		{291A8082-B1C6-4C85-82F9-E67203566A6A}.MinSizeRel|Win32.ActiveCfg = MinSizeRel|Win32
		{291A8082-B1C6-4C85-82F9-E67203566A6A}.MinSizeRel|Win32.Build.0 = MinSizeRel|Win32
		{291A8082-B1C6-4C85-82F9-E67203566A6A}.RelWithDebInfo|Win32.ActiveCfg = RelWithDebInfo|Win32
		{291A8082-B1C6-4C85-82F9-E67203566A6A}.RelWithDebInfo|Win32.Build.0 = RelWithDebInfo|Win32
	EndGlobalSection
	GlobalSection(NestedProjects) = preSolution
		{F8FFD0A1-2C60-447D-9C3C-B92DBAFD2BED} = {AED9281E-2BFB-4BDC-821B-FB08BA9D8163}
		{0C6C9178-8BBD-4151-A223-3423783F0D57} = {9E5E8F7A-7795-4E89-8850-8F80DF1B13EE}
		{AAB5DFD7-7EAA-43F0-BE4D-876C110E1178} = {9E5E8F7A-7795-4E89-8850-8F80DF1B13EE}
		{98768A65-EC40-4D5D-99E6-4006DED4FACC} = {9E5E8F7A-7795-4E89-8850-8F80DF1B13EE}
		{A9170057-59E0-4220-9A26-2753E632B841} = {9E5E8F7A-7795-4E89-8850-8F80DF1B13EE}
		{B20C0FF4-AAD9-4491-9B4D-0C2B6D6CA350} = {9E5E8F7A-7795-4E89-8850-8F80DF1B13EE}
		{61493F59-1D0F-4DC9-9099-81ECFC065BC9} = {2A722D0A-397F-4E32-A66A-24FBEC8AC2DD}
		{097738F5-916D-41E4-BFCC-4555230A2040} = {698A6A89-7DC5-4B4D-810B-32C56168D50D}
		{291A8082-B1C6-4C85-82F9-E67203566A6A} = {698A6A89-7DC5-4B4D-810B-32C56168D50D}
		{490BFB80-1C6E-4370-8EA2-00B4DF733E3B} = {CDC6D5C3-D121-4302-B85A-DA8E6B416CA2}
		{2AA538C5-70B3-4C07-BF6D-84E5EC2E004F} = {CDC6D5C3-D121-4302-B85A-DA8E6B416CA2}
		{A11CDF0B-B5AD-48AC-B04D-114BF5EF6F55} = {CDC6D5C3-D121-4302-B85A-DA8E6B416CA2}
		{7FBF5CAC-80D0-4B85-8655-85697926BD10} = {CDC6D5C3-D121-4302-B85A-DA8E6B416CA2}
	EndGlobalSection
	GlobalSection(ExtensibilityGlobals) = postSolution
	EndGlobalSection
	GlobalSection(ExtensibilityAddIns) = postSolution
	EndGlobalSection
EndGlobal
