<?xml version="1.0" encoding="utf-8"?>
<Project ToolsVersion="4.0" xmlns="http://schemas.microsoft.com/developer/msbuild/2003">
  <ItemGroup>
    <ClCompile Include="C:\Users\Mauke\Documents\muhkuh\ambientLib\npapi_activex_plugin\firebreath-1.5.2\tests\unittest-cpp\UnitTest++\src\AssertException.cpp">
      <Filter>Source Files</Filter>
    </ClCompile>
    <ClCompile Include="C:\Users\Mauke\Documents\muhkuh\ambientLib\npapi_activex_plugin\firebreath-1.5.2\tests\unittest-cpp\UnitTest++\src\Test.cpp">
      <Filter>Source Files</Filter>
    </ClCompile>
    <ClCompile Include="C:\Users\Mauke\Documents\muhkuh\ambientLib\npapi_activex_plugin\firebreath-1.5.2\tests\unittest-cpp\UnitTest++\src\Checks.cpp">
      <Filter>Source Files</Filter>
    </ClCompile>
    <ClCompile Include="C:\Users\Mauke\Documents\muhkuh\ambientLib\npapi_activex_plugin\firebreath-1.5.2\tests\unittest-cpp\UnitTest++\src\TestRunner.cpp">
      <Filter>Source Files</Filter>
    </ClCompile>
    <ClCompile Include="C:\Users\Mauke\Documents\muhkuh\ambientLib\npapi_activex_plugin\firebreath-1.5.2\tests\unittest-cpp\UnitTest++\src\TestResults.cpp">
      <Filter>Source Files</Filter>
    </ClCompile>
    <ClCompile Include="C:\Users\Mauke\Documents\muhkuh\ambientLib\npapi_activex_plugin\firebreath-1.5.2\tests\unittest-cpp\UnitTest++\src\TestReporter.cpp">
      <Filter>Source Files</Filter>
    </ClCompile>
    <ClCompile Include="C:\Users\Mauke\Documents\muhkuh\ambientLib\npapi_activex_plugin\firebreath-1.5.2\tests\unittest-cpp\UnitTest++\src\TestReporterStdout.cpp">
      <Filter>Source Files</Filter>
    </ClCompile>
    <ClCompile Include="C:\Users\Mauke\Documents\muhkuh\ambientLib\npapi_activex_plugin\firebreath-1.5.2\tests\unittest-cpp\UnitTest++\src\ReportAssert.cpp">
      <Filter>Source Files</Filter>
    </ClCompile>
    <ClCompile Include="C:\Users\Mauke\Documents\muhkuh\ambientLib\npapi_activex_plugin\firebreath-1.5.2\tests\unittest-cpp\UnitTest++\src\TestList.cpp">
      <Filter>Source Files</Filter>
    </ClCompile>
    <ClCompile Include="C:\Users\Mauke\Documents\muhkuh\ambientLib\npapi_activex_plugin\firebreath-1.5.2\tests\unittest-cpp\UnitTest++\src\TimeConstraint.cpp">
      <Filter>Source Files</Filter>
    </ClCompile>
    <ClCompile Include="C:\Users\Mauke\Documents\muhkuh\ambientLib\npapi_activex_plugin\firebreath-1.5.2\tests\unittest-cpp\UnitTest++\src\TestDetails.cpp">
      <Filter>Source Files</Filter>
    </ClCompile>
    <ClCompile Include="C:\Users\Mauke\Documents\muhkuh\ambientLib\npapi_activex_plugin\firebreath-1.5.2\tests\unittest-cpp\UnitTest++\src\MemoryOutStream.cpp">
      <Filter>Source Files</Filter>
    </ClCompile>
    <ClCompile Include="C:\Users\Mauke\Documents\muhkuh\ambientLib\npapi_activex_plugin\firebreath-1.5.2\tests\unittest-cpp\UnitTest++\src\DeferredTestReporter.cpp">
      <Filter>Source Files</Filter>
    </ClCompile>
    <ClCompile Include="C:\Users\Mauke\Documents\muhkuh\ambientLib\npapi_activex_plugin\firebreath-1.5.2\tests\unittest-cpp\UnitTest++\src\DeferredTestResult.cpp">
      <Filter>Source Files</Filter>
    </ClCompile>
    <ClCompile Include="C:\Users\Mauke\Documents\muhkuh\ambientLib\npapi_activex_plugin\firebreath-1.5.2\tests\unittest-cpp\UnitTest++\src\XmlTestReporter.cpp">
      <Filter>Source Files</Filter>
    </ClCompile>
    <ClCompile Include="C:\Users\Mauke\Documents\muhkuh\ambientLib\npapi_activex_plugin\firebreath-1.5.2\tests\unittest-cpp\UnitTest++\src\CurrentTest.cpp">
      <Filter>Source Files</Filter>
    </ClCompile>
    <ClCompile Include="C:\Users\Mauke\Documents\muhkuh\ambientLib\npapi_activex_plugin\firebreath-1.5.2\tests\unittest-cpp\UnitTest++\src\Win32\TimeHelpers.cpp">
      <Filter>Source Files</Filter>
    </ClCompile>
  </ItemGroup>
  <ItemGroup>
  </ItemGroup>
  <ItemGroup>
  </ItemGroup>
  <ItemGroup>
  </ItemGroup>
  <ItemGroup>
    <CustomBuild Include="..\..\tests\unittest-cpp\UnitTest++\CMakeLists.txt" />
  </ItemGroup>
  <ItemGroup>
    <Filter Include="Source Files">
      <UniqueIdentifier>{636CD9A2-55AF-4A5E-9D98-65BC426EC52A}</UniqueIdentifier>
    </Filter>
  </ItemGroup>
  <ItemGroup>
  </ItemGroup>
</Project>
