<?xml version="1.0" encoding="utf-8"?>
<Project ToolsVersion="4.0" xmlns="http://schemas.microsoft.com/developer/msbuild/2003">
  <ItemGroup>
    <Filter Include="Quelldateien">
      <UniqueIdentifier>{4FC737F1-C7A5-4376-A066-2A32D752A2FF}</UniqueIdentifier>
      <Extensions>cpp;c;cc;cxx;def;odl;idl;hpj;bat;asm;asmx</Extensions>
    </Filter>
    <Filter Include="Headerdateien">
      <UniqueIdentifier>{93995380-89BD-4b04-88EB-625FBE52EBFB}</UniqueIdentifier>
      <Extensions>h;hpp;hxx;hm;inl;inc;xsd</Extensions>
    </Filter>
    <Filter Include="Ressourcendateien">
      <UniqueIdentifier>{67DA6AB6-F800-4c08-8B7A-83BB121AAD01}</UniqueIdentifier>
      <Extensions>rc;ico;cur;bmp;dlg;rc2;rct;bin;rgs;gif;jpg;jpeg;jpe;resx;tiff;tif;png;wav;mfcribbon-ms</Extensions>
    </Filter>
  </ItemGroup>
  <ItemGroup>
    <None Include="ReadMe.txt" />
    <None Include="AmbientLib.def">
      <Filter>Quelldateien</Filter>
    </None>
    <None Include="res\AmbientLib.rc2">
      <Filter>Ressourcendateien</Filter>
    </None>
  </ItemGroup>
  <ItemGroup>
    <ClCompile Include="AmbientLib.cpp">
      <Filter>Quelldateien</Filter>
    </ClCompile>
    <ClCompile Include="stdafx.cpp">
      <Filter>Quelldateien</Filter>
    </ClCompile>
    <ClCompile Include="colorAlgorithm.cpp">
      <Filter>Quelldateien</Filter>
    </ClCompile>
    <ClCompile Include="Element.cpp">
      <Filter>Quelldateien</Filter>
    </ClCompile>
    <ClCompile Include="Libxml.cpp">
      <Filter>Quelldateien</Filter>
    </ClCompile>
    <ClCompile Include="PreReader.cpp">
      <Filter>Quelldateien</Filter>
    </ClCompile>
    <ClCompile Include="Utils.cpp">
      <Filter>Quelldateien</Filter>
    </ClCompile>
    <ClCompile Include="cpuFeatures.cpp">
      <Filter>Quelldateien</Filter>
    </ClCompile>
    <ClCompile Include="DebugAmbientLib.cpp">
      <Filter>Quelldateien</Filter>
    </ClCompile>
    <ClCompile Include="httpConnector.cpp">
      <Filter>Quelldateien</Filter>
    </ClCompile>
    <ClCompile Include="HTTPRequest.cpp">
      <Filter>Quelldateien</Filter>
    </ClCompile>
    <ClCompile Include="HTTPResponse.cpp">
      <Filter>Quelldateien</Filter>
    </ClCompile>
    <ClCompile Include="SEMhttp.cpp">
      <Filter>Quelldateien</Filter>
    </ClCompile>
    <ClCompile Include="DeviceContext.cpp">
      <Filter>Quelldateien</Filter>
    </ClCompile>
    <ClCompile Include="DeviceInterface.cpp">
      <Filter>Quelldateien</Filter>
    </ClCompile>
    <ClCompile Include="Classification.cpp">
      <Filter>Quelldateien</Filter>
    </ClCompile>
    <ClCompile Include="ScreenSplitter.cpp">
      <Filter>Quelldateien</Filter>
    </ClCompile>
    <ClCompile Include="workerPool.cpp">
      <Filter>Quelldateien</Filter>
    </ClCompile>
    <ClCompile Include="clusteringCalculation.cpp">
      <Filter>Quelldateien</Filter>
    </ClCompile>
    <ClCompile Include="limitedFunction.cpp">
      <Filter>Quelldateien</Filter>
    </ClCompile>
  </ItemGroup>
  <ItemGroup>
    <ClInclude Include="AmbientLib.h">
      <Filter>Headerdateien</Filter>
    </ClInclude>
    <ClInclude Include="stdafx.h">
      <Filter>Headerdateien</Filter>
    </ClInclude>
    <ClInclude Include="targetver.h">
      <Filter>Headerdateien</Filter>
    </ClInclude>
    <ClInclude Include="Resource.h">
      <Filter>Headerdateien</Filter>
    </ClInclude>
    <ClInclude Include="colorAlgorithm.h">
      <Filter>Headerdateien</Filter>
    </ClInclude>
    <ClInclude Include="Element.h">
      <Filter>Headerdateien</Filter>
    </ClInclude>
    <ClInclude Include="threading.h">
      <Filter>Headerdateien</Filter>
    </ClInclude>
    <ClInclude Include="typedef.h">
      <Filter>Headerdateien</Filter>
    </ClInclude>
    <ClInclude Include="Classification.h">
      <Filter>Headerdateien</Filter>
    </ClInclude>
    <ClInclude Include="Libxml.h">
      <Filter>Headerdateien</Filter>
    </ClInclude>
    <ClInclude Include="PreReader.h">
      <Filter>Headerdateien</Filter>
    </ClInclude>
    <ClInclude Include="Utils.h">
      <Filter>Headerdateien</Filter>
    </ClInclude>
    <ClInclude Include="iconv.h">
      <Filter>Headerdateien</Filter>
    </ClInclude>
    <ClInclude Include="ptr.h">
      <Filter>Headerdateien</Filter>
    </ClInclude>
    <ClInclude Include="cpuFeatures.h">
      <Filter>Headerdateien</Filter>
    </ClInclude>
    <ClInclude Include="DebugAmbientLib.h">
      <Filter>Headerdateien</Filter>
    </ClInclude>
    <ClInclude Include="httpConnector.h">
      <Filter>Headerdateien</Filter>
    </ClInclude>
    <ClInclude Include="HTTPRequest.h">
      <Filter>Headerdateien</Filter>
    </ClInclude>
    <ClInclude Include="HTTPResponse.h">
      <Filter>Headerdateien</Filter>
    </ClInclude>
    <ClInclude Include="SEMhttp.h">
      <Filter>Headerdateien</Filter>
    </ClInclude>
    <ClInclude Include="DeviceContext.h">
      <Filter>Headerdateien</Filter>
    </ClInclude>
    <ClInclude Include="DeviceInterface.h">
      <Filter>Headerdateien</Filter>
    </ClInclude>
    <ClInclude Include="ScreenSplitter.h">
      <Filter>Headerdateien</Filter>
    </ClInclude>
    <ClInclude Include="workerPool.h">
      <Filter>Headerdateien</Filter>
    </ClInclude>
    <ClInclude Include="clusteringCalculation.h">
      <Filter>Headerdateien</Filter>
    </ClInclude>
    <ClInclude Include="limitedFunction.h">
      <Filter>Headerdateien</Filter>
    </ClInclude>
    <ClInclude Include="debug.h">
      <Filter>Headerdateien</Filter>
    </ClInclude>
  </ItemGroup>
  <ItemGroup>
    <ResourceCompile Include="AmbientLib.rc">
      <Filter>Ressourcendateien</Filter>
    </ResourceCompile>
  </ItemGroup>
</Project>